// !$*UTF8*$!
{
	archiveVersion = 1;
	classes = {
	};
	objectVersion = 51;
	objects = {

/* Begin PBXBuildFile section */
		1693EBB63B864ACED276382A /* Pods_MVP.framework in Frameworks */ = {isa = PBXBuildFile; fileRef = 9A679B0758A2620EA9DEB66C /* Pods_MVP.framework */; };
		96A0AEC126FDB44D00A0984D /* EditView.swift in Sources */ = {isa = PBXBuildFile; fileRef = 96A0AEC026FDB44D00A0984D /* EditView.swift */; };
		96A0AEC326FDB46000A0984D /* EditPresenter.swift in Sources */ = {isa = PBXBuildFile; fileRef = 96A0AEC226FDB46000A0984D /* EditPresenter.swift */; };
		96BABB9E26FCC9DC0061DB59 /* AppDelegate.swift in Sources */ = {isa = PBXBuildFile; fileRef = 96BABB9D26FCC9DC0061DB59 /* AppDelegate.swift */; };
		96BABBA026FCC9DC0061DB59 /* SceneDelegate.swift in Sources */ = {isa = PBXBuildFile; fileRef = 96BABB9F26FCC9DC0061DB59 /* SceneDelegate.swift */; };
		96BABBA226FCC9DC0061DB59 /* ViewController.swift in Sources */ = {isa = PBXBuildFile; fileRef = 96BABBA126FCC9DC0061DB59 /* ViewController.swift */; };
		96BABBA526FCC9DC0061DB59 /* Main.storyboard in Resources */ = {isa = PBXBuildFile; fileRef = 96BABBA326FCC9DC0061DB59 /* Main.storyboard */; };
		96BABBA726FCC9DE0061DB59 /* Assets.xcassets in Resources */ = {isa = PBXBuildFile; fileRef = 96BABBA626FCC9DE0061DB59 /* Assets.xcassets */; };
		96BABBAA26FCC9DE0061DB59 /* LaunchScreen.storyboard in Resources */ = {isa = PBXBuildFile; fileRef = 96BABBA826FCC9DE0061DB59 /* LaunchScreen.storyboard */; };
		96BABBB526FCC9DF0061DB59 /* MVPTests.swift in Sources */ = {isa = PBXBuildFile; fileRef = 96BABBB426FCC9DF0061DB59 /* MVPTests.swift */; };
		96BABBC026FCC9DF0061DB59 /* MVPUITests.swift in Sources */ = {isa = PBXBuildFile; fileRef = 96BABBBF26FCC9DF0061DB59 /* MVPUITests.swift */; };
		96BABBEB26FCD4250061DB59 /* Post.swift in Sources */ = {isa = PBXBuildFile; fileRef = 96BABBEA26FCD4250061DB59 /* Post.swift */; };
		96BABBEE26FCD4870061DB59 /* Network.swift in Sources */ = {isa = PBXBuildFile; fileRef = 96BABBED26FCD4870061DB59 /* Network.swift */; };
		96BABBF226FCD4E20061DB59 /* PostTableViewCell.swift in Sources */ = {isa = PBXBuildFile; fileRef = 96BABBF026FCD4E20061DB59 /* PostTableViewCell.swift */; };
		96BABBF326FCD4E20061DB59 /* PostTableViewCell.xib in Resources */ = {isa = PBXBuildFile; fileRef = 96BABBF126FCD4E20061DB59 /* PostTableViewCell.xib */; };
		96BABBF826FCD9610061DB59 /* HomeViewController.swift in Sources */ = {isa = PBXBuildFile; fileRef = 96BABBF626FCD9610061DB59 /* HomeViewController.swift */; };
		96BABBF926FCD9610061DB59 /* HomeViewController.xib in Resources */ = {isa = PBXBuildFile; fileRef = 96BABBF726FCD9610061DB59 /* HomeViewController.xib */; };
		96BABBFC26FCD9CE0061DB59 /* HomeView.swift in Sources */ = {isa = PBXBuildFile; fileRef = 96BABBFB26FCD9CE0061DB59 /* HomeView.swift */; };
		96BABBFE26FCDA080061DB59 /* HomePresenter.swift in Sources */ = {isa = PBXBuildFile; fileRef = 96BABBFD26FCDA080061DB59 /* HomePresenter.swift */; };
		96BABC0226FCDA9B0061DB59 /* CreateViewController.swift in Sources */ = {isa = PBXBuildFile; fileRef = 96BABC0026FCDA9B0061DB59 /* CreateViewController.swift */; };
		96BABC0326FCDA9B0061DB59 /* CreateViewController.xib in Resources */ = {isa = PBXBuildFile; fileRef = 96BABC0126FCDA9B0061DB59 /* CreateViewController.xib */; };
		96BABC0726FCDACD0061DB59 /* EditViewController.swift in Sources */ = {isa = PBXBuildFile; fileRef = 96BABC0526FCDACD0061DB59 /* EditViewController.swift */; };
		96BABC0826FCDACD0061DB59 /* EditViewController.xib in Resources */ = {isa = PBXBuildFile; fileRef = 96BABC0626FCDACD0061DB59 /* EditViewController.xib */; };
		96BABC0A26FCDC070061DB59 /* BaseViewController.swift in Sources */ = {isa = PBXBuildFile; fileRef = 96BABC0926FCDC070061DB59 /* BaseViewController.swift */; };
		96BABC0E26FCE7560061DB59 /* CreateView.swift in Sources */ = {isa = PBXBuildFile; fileRef = 96BABC0D26FCE7560061DB59 /* CreateView.swift */; };
		96BABC1026FCE77E0061DB59 /* CreatePresenter.swift in Sources */ = {isa = PBXBuildFile; fileRef = 96BABC0F26FCE77E0061DB59 /* CreatePresenter.swift */; };
		CE4D9A9CAECAB19820567FC9 /* Pods_MVPTests.framework in Frameworks */ = {isa = PBXBuildFile; fileRef = 153F434F984834D79177C02C /* Pods_MVPTests.framework */; };
		E34B204607D421306CD87E46 /* Pods_MVP_MVPUITests.framework in Frameworks */ = {isa = PBXBuildFile; fileRef = FAA1293C8CD8DAECC8F011A0 /* Pods_MVP_MVPUITests.framework */; };
/* End PBXBuildFile section */

/* Begin PBXContainerItemProxy section */
		96BABBB126FCC9DF0061DB59 /* PBXContainerItemProxy */ = {
			isa = PBXContainerItemProxy;
			containerPortal = 96BABB9226FCC9DC0061DB59 /* Project object */;
			proxyType = 1;
			remoteGlobalIDString = 96BABB9926FCC9DC0061DB59;
			remoteInfo = MVP;
		};
		96BABBBC26FCC9DF0061DB59 /* PBXContainerItemProxy */ = {
			isa = PBXContainerItemProxy;
			containerPortal = 96BABB9226FCC9DC0061DB59 /* Project object */;
			proxyType = 1;
			remoteGlobalIDString = 96BABB9926FCC9DC0061DB59;
			remoteInfo = MVP;
		};
/* End PBXContainerItemProxy section */

/* Begin PBXFileReference section */
		153F434F984834D79177C02C /* Pods_MVPTests.framework */ = {isa = PBXFileReference; explicitFileType = wrapper.framework; includeInIndex = 0; path = Pods_MVPTests.framework; sourceTree = BUILT_PRODUCTS_DIR; };
		2E5037EAC8144FAF628B1DA1 /* Pods-MVP-MVPUITests.debug.xcconfig */ = {isa = PBXFileReference; includeInIndex = 1; lastKnownFileType = text.xcconfig; name = "Pods-MVP-MVPUITests.debug.xcconfig"; path = "Target Support Files/Pods-MVP-MVPUITests/Pods-MVP-MVPUITests.debug.xcconfig"; sourceTree = "<group>"; };
		36271D0677101095ECD7914F /* Pods-MVP.debug.xcconfig */ = {isa = PBXFileReference; includeInIndex = 1; lastKnownFileType = text.xcconfig; name = "Pods-MVP.debug.xcconfig"; path = "Target Support Files/Pods-MVP/Pods-MVP.debug.xcconfig"; sourceTree = "<group>"; };
		49796B34BB918F911777E011 /* Pods-MVPTests.debug.xcconfig */ = {isa = PBXFileReference; includeInIndex = 1; lastKnownFileType = text.xcconfig; name = "Pods-MVPTests.debug.xcconfig"; path = "Target Support Files/Pods-MVPTests/Pods-MVPTests.debug.xcconfig"; sourceTree = "<group>"; };
		571192D480C253D4844D59CA /* Pods-MVP-MVPUITests.release.xcconfig */ = {isa = PBXFileReference; includeInIndex = 1; lastKnownFileType = text.xcconfig; name = "Pods-MVP-MVPUITests.release.xcconfig"; path = "Target Support Files/Pods-MVP-MVPUITests/Pods-MVP-MVPUITests.release.xcconfig"; sourceTree = "<group>"; };
		6BB6770778AD1CBC496142C7 /* Pods-MVPTests.release.xcconfig */ = {isa = PBXFileReference; includeInIndex = 1; lastKnownFileType = text.xcconfig; name = "Pods-MVPTests.release.xcconfig"; path = "Target Support Files/Pods-MVPTests/Pods-MVPTests.release.xcconfig"; sourceTree = "<group>"; };
		7791FF3720152D51223FB086 /* Pods-MVP.release.xcconfig */ = {isa = PBXFileReference; includeInIndex = 1; lastKnownFileType = text.xcconfig; name = "Pods-MVP.release.xcconfig"; path = "Target Support Files/Pods-MVP/Pods-MVP.release.xcconfig"; sourceTree = "<group>"; };
		96A0AEC026FDB44D00A0984D /* EditView.swift */ = {isa = PBXFileReference; lastKnownFileType = sourcecode.swift; path = EditView.swift; sourceTree = "<group>"; };
		96A0AEC226FDB46000A0984D /* EditPresenter.swift */ = {isa = PBXFileReference; lastKnownFileType = sourcecode.swift; path = EditPresenter.swift; sourceTree = "<group>"; };
		96BABB9A26FCC9DC0061DB59 /* MVP.app */ = {isa = PBXFileReference; explicitFileType = wrapper.application; includeInIndex = 0; path = MVP.app; sourceTree = BUILT_PRODUCTS_DIR; };
		96BABB9D26FCC9DC0061DB59 /* AppDelegate.swift */ = {isa = PBXFileReference; lastKnownFileType = sourcecode.swift; path = AppDelegate.swift; sourceTree = "<group>"; };
		96BABB9F26FCC9DC0061DB59 /* SceneDelegate.swift */ = {isa = PBXFileReference; lastKnownFileType = sourcecode.swift; path = SceneDelegate.swift; sourceTree = "<group>"; };
		96BABBA126FCC9DC0061DB59 /* ViewController.swift */ = {isa = PBXFileReference; lastKnownFileType = sourcecode.swift; path = ViewController.swift; sourceTree = "<group>"; };
		96BABBA426FCC9DC0061DB59 /* Base */ = {isa = PBXFileReference; lastKnownFileType = file.storyboard; name = Base; path = Base.lproj/Main.storyboard; sourceTree = "<group>"; };
		96BABBA626FCC9DE0061DB59 /* Assets.xcassets */ = {isa = PBXFileReference; lastKnownFileType = folder.assetcatalog; path = Assets.xcassets; sourceTree = "<group>"; };
		96BABBA926FCC9DE0061DB59 /* Base */ = {isa = PBXFileReference; lastKnownFileType = file.storyboard; name = Base; path = Base.lproj/LaunchScreen.storyboard; sourceTree = "<group>"; };
		96BABBAB26FCC9DE0061DB59 /* Info.plist */ = {isa = PBXFileReference; lastKnownFileType = text.plist.xml; path = Info.plist; sourceTree = "<group>"; };
		96BABBB026FCC9DF0061DB59 /* MVPTests.xctest */ = {isa = PBXFileReference; explicitFileType = wrapper.cfbundle; includeInIndex = 0; path = MVPTests.xctest; sourceTree = BUILT_PRODUCTS_DIR; };
		96BABBB426FCC9DF0061DB59 /* MVPTests.swift */ = {isa = PBXFileReference; lastKnownFileType = sourcecode.swift; path = MVPTests.swift; sourceTree = "<group>"; };
		96BABBB626FCC9DF0061DB59 /* Info.plist */ = {isa = PBXFileReference; lastKnownFileType = text.plist.xml; path = Info.plist; sourceTree = "<group>"; };
		96BABBBB26FCC9DF0061DB59 /* MVPUITests.xctest */ = {isa = PBXFileReference; explicitFileType = wrapper.cfbundle; includeInIndex = 0; path = MVPUITests.xctest; sourceTree = BUILT_PRODUCTS_DIR; };
		96BABBBF26FCC9DF0061DB59 /* MVPUITests.swift */ = {isa = PBXFileReference; lastKnownFileType = sourcecode.swift; path = MVPUITests.swift; sourceTree = "<group>"; };
		96BABBC126FCC9DF0061DB59 /* Info.plist */ = {isa = PBXFileReference; lastKnownFileType = text.plist.xml; path = Info.plist; sourceTree = "<group>"; };
		96BABBEA26FCD4250061DB59 /* Post.swift */ = {isa = PBXFileReference; lastKnownFileType = sourcecode.swift; path = Post.swift; sourceTree = "<group>"; };
		96BABBED26FCD4870061DB59 /* Network.swift */ = {isa = PBXFileReference; lastKnownFileType = sourcecode.swift; path = Network.swift; sourceTree = "<group>"; };
		96BABBF026FCD4E20061DB59 /* PostTableViewCell.swift */ = {isa = PBXFileReference; lastKnownFileType = sourcecode.swift; path = PostTableViewCell.swift; sourceTree = "<group>"; };
		96BABBF126FCD4E20061DB59 /* PostTableViewCell.xib */ = {isa = PBXFileReference; lastKnownFileType = file.xib; path = PostTableViewCell.xib; sourceTree = "<group>"; };
		96BABBF626FCD9610061DB59 /* HomeViewController.swift */ = {isa = PBXFileReference; lastKnownFileType = sourcecode.swift; path = HomeViewController.swift; sourceTree = "<group>"; };
		96BABBF726FCD9610061DB59 /* HomeViewController.xib */ = {isa = PBXFileReference; lastKnownFileType = file.xib; path = HomeViewController.xib; sourceTree = "<group>"; };
		96BABBFB26FCD9CE0061DB59 /* HomeView.swift */ = {isa = PBXFileReference; lastKnownFileType = sourcecode.swift; path = HomeView.swift; sourceTree = "<group>"; };
		96BABBFD26FCDA080061DB59 /* HomePresenter.swift */ = {isa = PBXFileReference; lastKnownFileType = sourcecode.swift; path = HomePresenter.swift; sourceTree = "<group>"; };
		96BABC0026FCDA9B0061DB59 /* CreateViewController.swift */ = {isa = PBXFileReference; lastKnownFileType = sourcecode.swift; path = CreateViewController.swift; sourceTree = "<group>"; };
		96BABC0126FCDA9B0061DB59 /* CreateViewController.xib */ = {isa = PBXFileReference; lastKnownFileType = file.xib; path = CreateViewController.xib; sourceTree = "<group>"; };
		96BABC0526FCDACD0061DB59 /* EditViewController.swift */ = {isa = PBXFileReference; lastKnownFileType = sourcecode.swift; path = EditViewController.swift; sourceTree = "<group>"; };
		96BABC0626FCDACD0061DB59 /* EditViewController.xib */ = {isa = PBXFileReference; lastKnownFileType = file.xib; path = EditViewController.xib; sourceTree = "<group>"; };
		96BABC0926FCDC070061DB59 /* BaseViewController.swift */ = {isa = PBXFileReference; lastKnownFileType = sourcecode.swift; path = BaseViewController.swift; sourceTree = "<group>"; };
		96BABC0D26FCE7560061DB59 /* CreateView.swift */ = {isa = PBXFileReference; lastKnownFileType = sourcecode.swift; path = CreateView.swift; sourceTree = "<group>"; };
		96BABC0F26FCE77E0061DB59 /* CreatePresenter.swift */ = {isa = PBXFileReference; lastKnownFileType = sourcecode.swift; path = CreatePresenter.swift; sourceTree = "<group>"; };
		9A679B0758A2620EA9DEB66C /* Pods_MVP.framework */ = {isa = PBXFileReference; explicitFileType = wrapper.framework; includeInIndex = 0; path = Pods_MVP.framework; sourceTree = BUILT_PRODUCTS_DIR; };
		FAA1293C8CD8DAECC8F011A0 /* Pods_MVP_MVPUITests.framework */ = {isa = PBXFileReference; explicitFileType = wrapper.framework; includeInIndex = 0; path = Pods_MVP_MVPUITests.framework; sourceTree = BUILT_PRODUCTS_DIR; };
/* End PBXFileReference section */

/* Begin PBXFrameworksBuildPhase section */
		96BABB9726FCC9DC0061DB59 /* Frameworks */ = {
			isa = PBXFrameworksBuildPhase;
			buildActionMask = 2147483647;
			files = (
				1693EBB63B864ACED276382A /* Pods_MVP.framework in Frameworks */,
			);
			runOnlyForDeploymentPostprocessing = 0;
		};
		96BABBAD26FCC9DF0061DB59 /* Frameworks */ = {
			isa = PBXFrameworksBuildPhase;
			buildActionMask = 2147483647;
			files = (
				CE4D9A9CAECAB19820567FC9 /* Pods_MVPTests.framework in Frameworks */,
			);
			runOnlyForDeploymentPostprocessing = 0;
		};
		96BABBB826FCC9DF0061DB59 /* Frameworks */ = {
			isa = PBXFrameworksBuildPhase;
			buildActionMask = 2147483647;
			files = (
				E34B204607D421306CD87E46 /* Pods_MVP_MVPUITests.framework in Frameworks */,
			);
			runOnlyForDeploymentPostprocessing = 0;
		};
/* End PBXFrameworksBuildPhase section */

/* Begin PBXGroup section */
		07377B39E727468894D3B589 /* Pods */ = {
			isa = PBXGroup;
			children = (
				36271D0677101095ECD7914F /* Pods-MVP.debug.xcconfig */,
				7791FF3720152D51223FB086 /* Pods-MVP.release.xcconfig */,
				2E5037EAC8144FAF628B1DA1 /* Pods-MVP-MVPUITests.debug.xcconfig */,
				571192D480C253D4844D59CA /* Pods-MVP-MVPUITests.release.xcconfig */,
				49796B34BB918F911777E011 /* Pods-MVPTests.debug.xcconfig */,
				6BB6770778AD1CBC496142C7 /* Pods-MVPTests.release.xcconfig */,
			);
			path = Pods;
			sourceTree = "<group>";
		};
		451952E2536875153212A241 /* Frameworks */ = {
			isa = PBXGroup;
			children = (
				9A679B0758A2620EA9DEB66C /* Pods_MVP.framework */,
				FAA1293C8CD8DAECC8F011A0 /* Pods_MVP_MVPUITests.framework */,
				153F434F984834D79177C02C /* Pods_MVPTests.framework */,
			);
			name = Frameworks;
			sourceTree = "<group>";
		};
		96A0AEBF26FDB42F00A0984D /* presenter */ = {
			isa = PBXGroup;
			children = (
				96A0AEC026FDB44D00A0984D /* EditView.swift */,
				96A0AEC226FDB46000A0984D /* EditPresenter.swift */,
			);
			path = presenter;
			sourceTree = "<group>";
		};
		96BABB9126FCC9DC0061DB59 = {
			isa = PBXGroup;
			children = (
				96BABB9C26FCC9DC0061DB59 /* MVP */,
				96BABBB326FCC9DF0061DB59 /* MVPTests */,
				96BABBBE26FCC9DF0061DB59 /* MVPUITests */,
				96BABB9B26FCC9DC0061DB59 /* Products */,
				07377B39E727468894D3B589 /* Pods */,
				451952E2536875153212A241 /* Frameworks */,
			);
			sourceTree = "<group>";
		};
		96BABB9B26FCC9DC0061DB59 /* Products */ = {
			isa = PBXGroup;
			children = (
				96BABB9A26FCC9DC0061DB59 /* MVP.app */,
				96BABBB026FCC9DF0061DB59 /* MVPTests.xctest */,
				96BABBBB26FCC9DF0061DB59 /* MVPUITests.xctest */,
			);
			name = Products;
			sourceTree = "<group>";
		};
		96BABB9C26FCC9DC0061DB59 /* MVP */ = {
			isa = PBXGroup;
			children = (
				96BABBF526FCD93F0061DB59 /* controller */,
				96BABBEF26FCD4B70061DB59 /* cells */,
				96BABBEC26FCD4720061DB59 /* network */,
				96BABBE926FCD4150061DB59 /* model */,
				96BABBE826FCD3C70061DB59 /* apputils */,
				96BABB9D26FCC9DC0061DB59 /* AppDelegate.swift */,
				96BABB9F26FCC9DC0061DB59 /* SceneDelegate.swift */,
				96BABBAB26FCC9DE0061DB59 /* Info.plist */,
			);
			path = MVP;
			sourceTree = "<group>";
		};
		96BABBB326FCC9DF0061DB59 /* MVPTests */ = {
			isa = PBXGroup;
			children = (
				96BABBB426FCC9DF0061DB59 /* MVPTests.swift */,
				96BABBB626FCC9DF0061DB59 /* Info.plist */,
			);
			path = MVPTests;
			sourceTree = "<group>";
		};
		96BABBBE26FCC9DF0061DB59 /* MVPUITests */ = {
			isa = PBXGroup;
			children = (
				96BABBBF26FCC9DF0061DB59 /* MVPUITests.swift */,
				96BABBC126FCC9DF0061DB59 /* Info.plist */,
			);
			path = MVPUITests;
			sourceTree = "<group>";
		};
		96BABBE826FCD3C70061DB59 /* apputils */ = {
			isa = PBXGroup;
			children = (
				96BABBA626FCC9DE0061DB59 /* Assets.xcassets */,
				96BABBA826FCC9DE0061DB59 /* LaunchScreen.storyboard */,
				96BABBA326FCC9DC0061DB59 /* Main.storyboard */,
				96BABBA126FCC9DC0061DB59 /* ViewController.swift */,
			);
			path = apputils;
			sourceTree = "<group>";
		};
		96BABBE926FCD4150061DB59 /* model */ = {
			isa = PBXGroup;
			children = (
				96BABBEA26FCD4250061DB59 /* Post.swift */,
			);
			path = model;
			sourceTree = "<group>";
		};
		96BABBEC26FCD4720061DB59 /* network */ = {
			isa = PBXGroup;
			children = (
				96BABBED26FCD4870061DB59 /* Network.swift */,
			);
			path = network;
			sourceTree = "<group>";
		};
		96BABBEF26FCD4B70061DB59 /* cells */ = {
			isa = PBXGroup;
			children = (
				96BABBF026FCD4E20061DB59 /* PostTableViewCell.swift */,
				96BABBF126FCD4E20061DB59 /* PostTableViewCell.xib */,
			);
			path = cells;
			sourceTree = "<group>";
		};
		96BABBF426FCD92A0061DB59 /* home */ = {
			isa = PBXGroup;
			children = (
				96BABBFA26FCD9910061DB59 /* presenter */,
				96BABBF626FCD9610061DB59 /* HomeViewController.swift */,
				96BABBF726FCD9610061DB59 /* HomeViewController.xib */,
			);
			path = home;
			sourceTree = "<group>";
		};
		96BABBF526FCD93F0061DB59 /* controller */ = {
			isa = PBXGroup;
			children = (
				96BABC0926FCDC070061DB59 /* BaseViewController.swift */,
				96BABC0426FCDAB30061DB59 /* edit */,
				96BABBFF26FCDA590061DB59 /* create */,
				96BABBF426FCD92A0061DB59 /* home */,
			);
			path = controller;
			sourceTree = "<group>";
		};
		96BABBFA26FCD9910061DB59 /* presenter */ = {
			isa = PBXGroup;
			children = (
				96BABBFB26FCD9CE0061DB59 /* HomeView.swift */,
				96BABBFD26FCDA080061DB59 /* HomePresenter.swift */,
			);
			path = presenter;
			sourceTree = "<group>";
		};
		96BABBFF26FCDA590061DB59 /* create */ = {
			isa = PBXGroup;
			children = (
				96BABC0C26FCE73C0061DB59 /* presenter */,
				96BABC0026FCDA9B0061DB59 /* CreateViewController.swift */,
				96BABC0126FCDA9B0061DB59 /* CreateViewController.xib */,
			);
			path = create;
			sourceTree = "<group>";
		};
		96BABC0426FCDAB30061DB59 /* edit */ = {
			isa = PBXGroup;
			children = (
				96A0AEBF26FDB42F00A0984D /* presenter */,
				96BABC0526FCDACD0061DB59 /* EditViewController.swift */,
				96BABC0626FCDACD0061DB59 /* EditViewController.xib */,
			);
			path = edit;
			sourceTree = "<group>";
		};
		96BABC0C26FCE73C0061DB59 /* presenter */ = {
			isa = PBXGroup;
			children = (
				96BABC0D26FCE7560061DB59 /* CreateView.swift */,
				96BABC0F26FCE77E0061DB59 /* CreatePresenter.swift */,
			);
			path = presenter;
			sourceTree = "<group>";
		};
/* End PBXGroup section */

/* Begin PBXNativeTarget section */
		96BABB9926FCC9DC0061DB59 /* MVP */ = {
			isa = PBXNativeTarget;
			buildConfigurationList = 96BABBC426FCC9DF0061DB59 /* Build configuration list for PBXNativeTarget "MVP" */;
			buildPhases = (
				1C4DF1C8EE50F03FB97D4FDB /* [CP] Check Pods Manifest.lock */,
				96BABB9626FCC9DC0061DB59 /* Sources */,
				96BABB9726FCC9DC0061DB59 /* Frameworks */,
				96BABB9826FCC9DC0061DB59 /* Resources */,
				8099716D5D57DB8FB638562B /* [CP] Embed Pods Frameworks */,
			);
			buildRules = (
			);
			dependencies = (
			);
			name = MVP;
			productName = MVP;
			productReference = 96BABB9A26FCC9DC0061DB59 /* MVP.app */;
			productType = "com.apple.product-type.application";
		};
		96BABBAF26FCC9DF0061DB59 /* MVPTests */ = {
			isa = PBXNativeTarget;
			buildConfigurationList = 96BABBC726FCC9DF0061DB59 /* Build configuration list for PBXNativeTarget "MVPTests" */;
			buildPhases = (
				A29DAD8F8DF8E76A2EEE86D2 /* [CP] Check Pods Manifest.lock */,
				96BABBAC26FCC9DF0061DB59 /* Sources */,
				96BABBAD26FCC9DF0061DB59 /* Frameworks */,
				96BABBAE26FCC9DF0061DB59 /* Resources */,
			);
			buildRules = (
			);
			dependencies = (
				96BABBB226FCC9DF0061DB59 /* PBXTargetDependency */,
			);
			name = MVPTests;
			productName = MVPTests;
			productReference = 96BABBB026FCC9DF0061DB59 /* MVPTests.xctest */;
			productType = "com.apple.product-type.bundle.unit-test";
		};
		96BABBBA26FCC9DF0061DB59 /* MVPUITests */ = {
			isa = PBXNativeTarget;
			buildConfigurationList = 96BABBCA26FCC9DF0061DB59 /* Build configuration list for PBXNativeTarget "MVPUITests" */;
			buildPhases = (
				9C9FAC606F0283150108FDFC /* [CP] Check Pods Manifest.lock */,
				96BABBB726FCC9DF0061DB59 /* Sources */,
				96BABBB826FCC9DF0061DB59 /* Frameworks */,
				96BABBB926FCC9DF0061DB59 /* Resources */,
				ED4B4E17908F714E7F93F7F7 /* [CP] Embed Pods Frameworks */,
			);
			buildRules = (
			);
			dependencies = (
				96BABBBD26FCC9DF0061DB59 /* PBXTargetDependency */,
			);
			name = MVPUITests;
			productName = MVPUITests;
			productReference = 96BABBBB26FCC9DF0061DB59 /* MVPUITests.xctest */;
			productType = "com.apple.product-type.bundle.ui-testing";
		};
/* End PBXNativeTarget section */

/* Begin PBXProject section */
		96BABB9226FCC9DC0061DB59 /* Project object */ = {
			isa = PBXProject;
			attributes = {
				LastSwiftUpdateCheck = 1250;
				LastUpgradeCheck = 1250;
				TargetAttributes = {
					96BABB9926FCC9DC0061DB59 = {
						CreatedOnToolsVersion = 12.5.1;
					};
					96BABBAF26FCC9DF0061DB59 = {
						CreatedOnToolsVersion = 12.5.1;
						TestTargetID = 96BABB9926FCC9DC0061DB59;
					};
					96BABBBA26FCC9DF0061DB59 = {
						CreatedOnToolsVersion = 12.5.1;
						TestTargetID = 96BABB9926FCC9DC0061DB59;
					};
				};
			};
			buildConfigurationList = 96BABB9526FCC9DC0061DB59 /* Build configuration list for PBXProject "MVP" */;
			compatibilityVersion = "Xcode 9.3";
			developmentRegion = en;
			hasScannedForEncodings = 0;
			knownRegions = (
				en,
				Base,
			);
			mainGroup = 96BABB9126FCC9DC0061DB59;
			productRefGroup = 96BABB9B26FCC9DC0061DB59 /* Products */;
			projectDirPath = "";
			projectRoot = "";
			targets = (
				96BABB9926FCC9DC0061DB59 /* MVP */,
				96BABBAF26FCC9DF0061DB59 /* MVPTests */,
				96BABBBA26FCC9DF0061DB59 /* MVPUITests */,
			);
		};
/* End PBXProject section */

/* Begin PBXResourcesBuildPhase section */
		96BABB9826FCC9DC0061DB59 /* Resources */ = {
			isa = PBXResourcesBuildPhase;
			buildActionMask = 2147483647;
			files = (
				96BABBAA26FCC9DE0061DB59 /* LaunchScreen.storyboard in Resources */,
				96BABBA726FCC9DE0061DB59 /* Assets.xcassets in Resources */,
				96BABC0326FCDA9B0061DB59 /* CreateViewController.xib in Resources */,
				96BABBF926FCD9610061DB59 /* HomeViewController.xib in Resources */,
				96BABBA526FCC9DC0061DB59 /* Main.storyboard in Resources */,
				96BABBF326FCD4E20061DB59 /* PostTableViewCell.xib in Resources */,
				96BABC0826FCDACD0061DB59 /* EditViewController.xib in Resources */,
			);
			runOnlyForDeploymentPostprocessing = 0;
		};
		96BABBAE26FCC9DF0061DB59 /* Resources */ = {
			isa = PBXResourcesBuildPhase;
			buildActionMask = 2147483647;
			files = (
			);
			runOnlyForDeploymentPostprocessing = 0;
		};
		96BABBB926FCC9DF0061DB59 /* Resources */ = {
			isa = PBXResourcesBuildPhase;
			buildActionMask = 2147483647;
			files = (
			);
			runOnlyForDeploymentPostprocessing = 0;
		};
/* End PBXResourcesBuildPhase section */

/* Begin PBXShellScriptBuildPhase section */
		1C4DF1C8EE50F03FB97D4FDB /* [CP] Check Pods Manifest.lock */ = {
			isa = PBXShellScriptBuildPhase;
			buildActionMask = 2147483647;
			files = (
			);
			inputFileListPaths = (
			);
			inputPaths = (
				"${PODS_PODFILE_DIR_PATH}/Podfile.lock",
				"${PODS_ROOT}/Manifest.lock",
			);
			name = "[CP] Check Pods Manifest.lock";
			outputFileListPaths = (
			);
			outputPaths = (
				"$(DERIVED_FILE_DIR)/Pods-MVP-checkManifestLockResult.txt",
			);
			runOnlyForDeploymentPostprocessing = 0;
			shellPath = /bin/sh;
			shellScript = "diff \"${PODS_PODFILE_DIR_PATH}/Podfile.lock\" \"${PODS_ROOT}/Manifest.lock\" > /dev/null\nif [ $? != 0 ] ; then\n    # print error to STDERR\n    echo \"error: The sandbox is not in sync with the Podfile.lock. Run 'pod install' or update your CocoaPods installation.\" >&2\n    exit 1\nfi\n# This output is used by Xcode 'outputs' to avoid re-running this script phase.\necho \"SUCCESS\" > \"${SCRIPT_OUTPUT_FILE_0}\"\n";
			showEnvVarsInLog = 0;
		};
		8099716D5D57DB8FB638562B /* [CP] Embed Pods Frameworks */ = {
			isa = PBXShellScriptBuildPhase;
			buildActionMask = 2147483647;
			files = (
			);
			inputFileListPaths = (
				"${PODS_ROOT}/Target Support Files/Pods-MVP/Pods-MVP-frameworks-${CONFIGURATION}-input-files.xcfilelist",
			);
			name = "[CP] Embed Pods Frameworks";
			outputFileListPaths = (
				"${PODS_ROOT}/Target Support Files/Pods-MVP/Pods-MVP-frameworks-${CONFIGURATION}-output-files.xcfilelist",
			);
			runOnlyForDeploymentPostprocessing = 0;
			shellPath = /bin/sh;
			shellScript = "\"${PODS_ROOT}/Target Support Files/Pods-MVP/Pods-MVP-frameworks.sh\"\n";
			showEnvVarsInLog = 0;
		};
		9C9FAC606F0283150108FDFC /* [CP] Check Pods Manifest.lock */ = {
			isa = PBXShellScriptBuildPhase;
			buildActionMask = 2147483647;
			files = (
			);
			inputFileListPaths = (
			);
			inputPaths = (
				"${PODS_PODFILE_DIR_PATH}/Podfile.lock",
				"${PODS_ROOT}/Manifest.lock",
			);
			name = "[CP] Check Pods Manifest.lock";
			outputFileListPaths = (
			);
			outputPaths = (
				"$(DERIVED_FILE_DIR)/Pods-MVP-MVPUITests-checkManifestLockResult.txt",
			);
			runOnlyForDeploymentPostprocessing = 0;
			shellPath = /bin/sh;
			shellScript = "diff \"${PODS_PODFILE_DIR_PATH}/Podfile.lock\" \"${PODS_ROOT}/Manifest.lock\" > /dev/null\nif [ $? != 0 ] ; then\n    # print error to STDERR\n    echo \"error: The sandbox is not in sync with the Podfile.lock. Run 'pod install' or update your CocoaPods installation.\" >&2\n    exit 1\nfi\n# This output is used by Xcode 'outputs' to avoid re-running this script phase.\necho \"SUCCESS\" > \"${SCRIPT_OUTPUT_FILE_0}\"\n";
			showEnvVarsInLog = 0;
		};
		A29DAD8F8DF8E76A2EEE86D2 /* [CP] Check Pods Manifest.lock */ = {
			isa = PBXShellScriptBuildPhase;
			buildActionMask = 2147483647;
			files = (
			);
			inputFileListPaths = (
			);
			inputPaths = (
				"${PODS_PODFILE_DIR_PATH}/Podfile.lock",
				"${PODS_ROOT}/Manifest.lock",
			);
			name = "[CP] Check Pods Manifest.lock";
			outputFileListPaths = (
			);
			outputPaths = (
				"$(DERIVED_FILE_DIR)/Pods-MVPTests-checkManifestLockResult.txt",
			);
			runOnlyForDeploymentPostprocessing = 0;
			shellPath = /bin/sh;
			shellScript = "diff \"${PODS_PODFILE_DIR_PATH}/Podfile.lock\" \"${PODS_ROOT}/Manifest.lock\" > /dev/null\nif [ $? != 0 ] ; then\n    # print error to STDERR\n    echo \"error: The sandbox is not in sync with the Podfile.lock. Run 'pod install' or update your CocoaPods installation.\" >&2\n    exit 1\nfi\n# This output is used by Xcode 'outputs' to avoid re-running this script phase.\necho \"SUCCESS\" > \"${SCRIPT_OUTPUT_FILE_0}\"\n";
			showEnvVarsInLog = 0;
		};
		ED4B4E17908F714E7F93F7F7 /* [CP] Embed Pods Frameworks */ = {
			isa = PBXShellScriptBuildPhase;
			buildActionMask = 2147483647;
			files = (
			);
			inputFileListPaths = (
				"${PODS_ROOT}/Target Support Files/Pods-MVP-MVPUITests/Pods-MVP-MVPUITests-frameworks-${CONFIGURATION}-input-files.xcfilelist",
			);
			name = "[CP] Embed Pods Frameworks";
			outputFileListPaths = (
				"${PODS_ROOT}/Target Support Files/Pods-MVP-MVPUITests/Pods-MVP-MVPUITests-frameworks-${CONFIGURATION}-output-files.xcfilelist",
			);
			runOnlyForDeploymentPostprocessing = 0;
			shellPath = /bin/sh;
			shellScript = "\"${PODS_ROOT}/Target Support Files/Pods-MVP-MVPUITests/Pods-MVP-MVPUITests-frameworks.sh\"\n";
			showEnvVarsInLog = 0;
		};
/* End PBXShellScriptBuildPhase section */

/* Begin PBXSourcesBuildPhase section */
		96BABB9626FCC9DC0061DB59 /* Sources */ = {
			isa = PBXSourcesBuildPhase;
			buildActionMask = 2147483647;
			files = (
				96BABC0226FCDA9B0061DB59 /* CreateViewController.swift in Sources */,
				96BABBEE26FCD4870061DB59 /* Network.swift in Sources */,
				96BABBA226FCC9DC0061DB59 /* ViewController.swift in Sources */,
				96BABB9E26FCC9DC0061DB59 /* AppDelegate.swift in Sources */,
				96BABBA026FCC9DC0061DB59 /* SceneDelegate.swift in Sources */,
				96BABC0A26FCDC070061DB59 /* BaseViewController.swift in Sources */,
				96BABBEB26FCD4250061DB59 /* Post.swift in Sources */,
				96BABBFC26FCD9CE0061DB59 /* HomeView.swift in Sources */,
				96BABC0E26FCE7560061DB59 /* CreateView.swift in Sources */,
				96BABBFE26FCDA080061DB59 /* HomePresenter.swift in Sources */,
				96BABBF826FCD9610061DB59 /* HomeViewController.swift in Sources */,
				96A0AEC126FDB44D00A0984D /* EditView.swift in Sources */,
				96A0AEC326FDB46000A0984D /* EditPresenter.swift in Sources */,
				96BABC0726FCDACD0061DB59 /* EditViewController.swift in Sources */,
				96BABC1026FCE77E0061DB59 /* CreatePresenter.swift in Sources */,
				96BABBF226FCD4E20061DB59 /* PostTableViewCell.swift in Sources */,
			);
			runOnlyForDeploymentPostprocessing = 0;
		};
		96BABBAC26FCC9DF0061DB59 /* Sources */ = {
			isa = PBXSourcesBuildPhase;
			buildActionMask = 2147483647;
			files = (
				96BABBB526FCC9DF0061DB59 /* MVPTests.swift in Sources */,
			);
			runOnlyForDeploymentPostprocessing = 0;
		};
		96BABBB726FCC9DF0061DB59 /* Sources */ = {
			isa = PBXSourcesBuildPhase;
			buildActionMask = 2147483647;
			files = (
				96BABBC026FCC9DF0061DB59 /* MVPUITests.swift in Sources */,
			);
			runOnlyForDeploymentPostprocessing = 0;
		};
/* End PBXSourcesBuildPhase section */

/* Begin PBXTargetDependency section */
		96BABBB226FCC9DF0061DB59 /* PBXTargetDependency */ = {
			isa = PBXTargetDependency;
			target = 96BABB9926FCC9DC0061DB59 /* MVP */;
			targetProxy = 96BABBB126FCC9DF0061DB59 /* PBXContainerItemProxy */;
		};
		96BABBBD26FCC9DF0061DB59 /* PBXTargetDependency */ = {
			isa = PBXTargetDependency;
			target = 96BABB9926FCC9DC0061DB59 /* MVP */;
			targetProxy = 96BABBBC26FCC9DF0061DB59 /* PBXContainerItemProxy */;
		};
/* End PBXTargetDependency section */

/* Begin PBXVariantGroup section */
		96BABBA326FCC9DC0061DB59 /* Main.storyboard */ = {
			isa = PBXVariantGroup;
			children = (
				96BABBA426FCC9DC0061DB59 /* Base */,
			);
			name = Main.storyboard;
			sourceTree = "<group>";
		};
		96BABBA826FCC9DE0061DB59 /* LaunchScreen.storyboard */ = {
			isa = PBXVariantGroup;
			children = (
				96BABBA926FCC9DE0061DB59 /* Base */,
			);
			name = LaunchScreen.storyboard;
			sourceTree = "<group>";
		};
/* End PBXVariantGroup section */

/* Begin XCBuildConfiguration section */
		96BABBC226FCC9DF0061DB59 /* Debug */ = {
			isa = XCBuildConfiguration;
			buildSettings = {
				ALWAYS_SEARCH_USER_PATHS = NO;
				CLANG_ANALYZER_NONNULL = YES;
				CLANG_ANALYZER_NUMBER_OBJECT_CONVERSION = YES_AGGRESSIVE;
				CLANG_CXX_LANGUAGE_STANDARD = "gnu++14";
				CLANG_CXX_LIBRARY = "libc++";
				CLANG_ENABLE_MODULES = YES;
				CLANG_ENABLE_OBJC_ARC = YES;
				CLANG_ENABLE_OBJC_WEAK = YES;
				CLANG_WARN_BLOCK_CAPTURE_AUTORELEASING = YES;
				CLANG_WARN_BOOL_CONVERSION = YES;
				CLANG_WARN_COMMA = YES;
				CLANG_WARN_CONSTANT_CONVERSION = YES;
				CLANG_WARN_DEPRECATED_OBJC_IMPLEMENTATIONS = YES;
				CLANG_WARN_DIRECT_OBJC_ISA_USAGE = YES_ERROR;
				CLANG_WARN_DOCUMENTATION_COMMENTS = YES;
				CLANG_WARN_EMPTY_BODY = YES;
				CLANG_WARN_ENUM_CONVERSION = YES;
				CLANG_WARN_INFINITE_RECURSION = YES;
				CLANG_WARN_INT_CONVERSION = YES;
				CLANG_WARN_NON_LITERAL_NULL_CONVERSION = YES;
				CLANG_WARN_OBJC_IMPLICIT_RETAIN_SELF = YES;
				CLANG_WARN_OBJC_LITERAL_CONVERSION = YES;
				CLANG_WARN_OBJC_ROOT_CLASS = YES_ERROR;
				CLANG_WARN_QUOTED_INCLUDE_IN_FRAMEWORK_HEADER = YES;
				CLANG_WARN_RANGE_LOOP_ANALYSIS = YES;
				CLANG_WARN_STRICT_PROTOTYPES = YES;
				CLANG_WARN_SUSPICIOUS_MOVE = YES;
				CLANG_WARN_UNGUARDED_AVAILABILITY = YES_AGGRESSIVE;
				CLANG_WARN_UNREACHABLE_CODE = YES;
				CLANG_WARN__DUPLICATE_METHOD_MATCH = YES;
				COPY_PHASE_STRIP = NO;
				DEBUG_INFORMATION_FORMAT = dwarf;
				ENABLE_STRICT_OBJC_MSGSEND = YES;
				ENABLE_TESTABILITY = YES;
				GCC_C_LANGUAGE_STANDARD = gnu11;
				GCC_DYNAMIC_NO_PIC = NO;
				GCC_NO_COMMON_BLOCKS = YES;
				GCC_OPTIMIZATION_LEVEL = 0;
				GCC_PREPROCESSOR_DEFINITIONS = (
					"DEBUG=1",
					"$(inherited)",
				);
				GCC_WARN_64_TO_32_BIT_CONVERSION = YES;
				GCC_WARN_ABOUT_RETURN_TYPE = YES_ERROR;
				GCC_WARN_UNDECLARED_SELECTOR = YES;
				GCC_WARN_UNINITIALIZED_AUTOS = YES_AGGRESSIVE;
				GCC_WARN_UNUSED_FUNCTION = YES;
				GCC_WARN_UNUSED_VARIABLE = YES;
				IPHONEOS_DEPLOYMENT_TARGET = 14.5;
				MTL_ENABLE_DEBUG_INFO = INCLUDE_SOURCE;
				MTL_FAST_MATH = YES;
				ONLY_ACTIVE_ARCH = YES;
				SDKROOT = iphoneos;
				SWIFT_ACTIVE_COMPILATION_CONDITIONS = DEBUG;
				SWIFT_OPTIMIZATION_LEVEL = "-Onone";
			};
			name = Debug;
		};
		96BABBC326FCC9DF0061DB59 /* Release */ = {
			isa = XCBuildConfiguration;
			buildSettings = {
				ALWAYS_SEARCH_USER_PATHS = NO;
				CLANG_ANALYZER_NONNULL = YES;
				CLANG_ANALYZER_NUMBER_OBJECT_CONVERSION = YES_AGGRESSIVE;
				CLANG_CXX_LANGUAGE_STANDARD = "gnu++14";
				CLANG_CXX_LIBRARY = "libc++";
				CLANG_ENABLE_MODULES = YES;
				CLANG_ENABLE_OBJC_ARC = YES;
				CLANG_ENABLE_OBJC_WEAK = YES;
				CLANG_WARN_BLOCK_CAPTURE_AUTORELEASING = YES;
				CLANG_WARN_BOOL_CONVERSION = YES;
				CLANG_WARN_COMMA = YES;
				CLANG_WARN_CONSTANT_CONVERSION = YES;
				CLANG_WARN_DEPRECATED_OBJC_IMPLEMENTATIONS = YES;
				CLANG_WARN_DIRECT_OBJC_ISA_USAGE = YES_ERROR;
				CLANG_WARN_DOCUMENTATION_COMMENTS = YES;
				CLANG_WARN_EMPTY_BODY = YES;
				CLANG_WARN_ENUM_CONVERSION = YES;
				CLANG_WARN_INFINITE_RECURSION = YES;
				CLANG_WARN_INT_CONVERSION = YES;
				CLANG_WARN_NON_LITERAL_NULL_CONVERSION = YES;
				CLANG_WARN_OBJC_IMPLICIT_RETAIN_SELF = YES;
				CLANG_WARN_OBJC_LITERAL_CONVERSION = YES;
				CLANG_WARN_OBJC_ROOT_CLASS = YES_ERROR;
				CLANG_WARN_QUOTED_INCLUDE_IN_FRAMEWORK_HEADER = YES;
				CLANG_WARN_RANGE_LOOP_ANALYSIS = YES;
				CLANG_WARN_STRICT_PROTOTYPES = YES;
				CLANG_WARN_SUSPICIOUS_MOVE = YES;
				CLANG_WARN_UNGUARDED_AVAILABILITY = YES_AGGRESSIVE;
				CLANG_WARN_UNREACHABLE_CODE = YES;
				CLANG_WARN__DUPLICATE_METHOD_MATCH = YES;
				COPY_PHASE_STRIP = NO;
				DEBUG_INFORMATION_FORMAT = "dwarf-with-dsym";
				ENABLE_NS_ASSERTIONS = NO;
				ENABLE_STRICT_OBJC_MSGSEND = YES;
				GCC_C_LANGUAGE_STANDARD = gnu11;
				GCC_NO_COMMON_BLOCKS = YES;
				GCC_WARN_64_TO_32_BIT_CONVERSION = YES;
				GCC_WARN_ABOUT_RETURN_TYPE = YES_ERROR;
				GCC_WARN_UNDECLARED_SELECTOR = YES;
				GCC_WARN_UNINITIALIZED_AUTOS = YES_AGGRESSIVE;
				GCC_WARN_UNUSED_FUNCTION = YES;
				GCC_WARN_UNUSED_VARIABLE = YES;
				IPHONEOS_DEPLOYMENT_TARGET = 14.5;
				MTL_ENABLE_DEBUG_INFO = NO;
				MTL_FAST_MATH = YES;
				SDKROOT = iphoneos;
				SWIFT_COMPILATION_MODE = wholemodule;
				SWIFT_OPTIMIZATION_LEVEL = "-O";
				VALIDATE_PRODUCT = YES;
			};
			name = Release;
		};
		96BABBC526FCC9DF0061DB59 /* Debug */ = {
			isa = XCBuildConfiguration;
			baseConfigurationReference = 36271D0677101095ECD7914F /* Pods-MVP.debug.xcconfig */;
			buildSettings = {
				ASSETCATALOG_COMPILER_APPICON_NAME = AppIcon;
				ASSETCATALOG_COMPILER_GLOBAL_ACCENT_COLOR_NAME = AccentColor;
				CODE_SIGN_STYLE = Automatic;
				INFOPLIST_FILE = MVP/Info.plist;
				LD_RUNPATH_SEARCH_PATHS = (
					"$(inherited)",
					"@executable_path/Frameworks",
				);
				PRODUCT_BUNDLE_IDENTIFIER = MySoft.MVP;
				PRODUCT_NAME = "$(TARGET_NAME)";
				SWIFT_VERSION = 5.0;
				TARGETED_DEVICE_FAMILY = "1,2";
			};
			name = Debug;
		};
		96BABBC626FCC9DF0061DB59 /* Release */ = {
			isa = XCBuildConfiguration;
			baseConfigurationReference = 7791FF3720152D51223FB086 /* Pods-MVP.release.xcconfig */;
			buildSettings = {
				ASSETCATALOG_COMPILER_APPICON_NAME = AppIcon;
				ASSETCATALOG_COMPILER_GLOBAL_ACCENT_COLOR_NAME = AccentColor;
				CODE_SIGN_STYLE = Automatic;
				INFOPLIST_FILE = MVP/Info.plist;
				LD_RUNPATH_SEARCH_PATHS = (
					"$(inherited)",
					"@executable_path/Frameworks",
				);
				PRODUCT_BUNDLE_IDENTIFIER = MySoft.MVP;
				PRODUCT_NAME = "$(TARGET_NAME)";
				SWIFT_VERSION = 5.0;
				TARGETED_DEVICE_FAMILY = "1,2";
			};
			name = Release;
		};
		96BABBC826FCC9DF0061DB59 /* Debug */ = {
			isa = XCBuildConfiguration;
			baseConfigurationReference = 49796B34BB918F911777E011 /* Pods-MVPTests.debug.xcconfig */;
			buildSettings = {
				ALWAYS_EMBED_SWIFT_STANDARD_LIBRARIES = YES;
				BUNDLE_LOADER = "$(TEST_HOST)";
				CODE_SIGN_STYLE = Automatic;
				INFOPLIST_FILE = MVPTests/Info.plist;
				IPHONEOS_DEPLOYMENT_TARGET = 14.5;
				LD_RUNPATH_SEARCH_PATHS = (
					"$(inherited)",
					"@executable_path/Frameworks",
					"@loader_path/Frameworks",
				);
				PRODUCT_BUNDLE_IDENTIFIER = MySoft.MVPTests;
				PRODUCT_NAME = "$(TARGET_NAME)";
				SWIFT_VERSION = 5.0;
				TARGETED_DEVICE_FAMILY = "1,2";
				TEST_HOST = "$(BUILT_PRODUCTS_DIR)/MVP.app/MVP";
			};
			name = Debug;
		};
		96BABBC926FCC9DF0061DB59 /* Release */ = {
			isa = XCBuildConfiguration;
			baseConfigurationReference = 6BB6770778AD1CBC496142C7 /* Pods-MVPTests.release.xcconfig */;
			buildSettings = {
				ALWAYS_EMBED_SWIFT_STANDARD_LIBRARIES = YES;
				BUNDLE_LOADER = "$(TEST_HOST)";
				CODE_SIGN_STYLE = Automatic;
				INFOPLIST_FILE = MVPTests/Info.plist;
				IPHONEOS_DEPLOYMENT_TARGET = 14.5;
				LD_RUNPATH_SEARCH_PATHS = (
					"$(inherited)",
					"@executable_path/Frameworks",
					"@loader_path/Frameworks",
				);
				PRODUCT_BUNDLE_IDENTIFIER = MySoft.MVPTests;
				PRODUCT_NAME = "$(TARGET_NAME)";
				SWIFT_VERSION = 5.0;
				TARGETED_DEVICE_FAMILY = "1,2";
				TEST_HOST = "$(BUILT_PRODUCTS_DIR)/MVP.app/MVP";
			};
			name = Release;
		};
		96BABBCB26FCC9DF0061DB59 /* Debug */ = {
			isa = XCBuildConfiguration;
			baseConfigurationReference = 2E5037EAC8144FAF628B1DA1 /* Pods-MVP-MVPUITests.debug.xcconfig */;
			buildSettings = {
				ALWAYS_EMBED_SWIFT_STANDARD_LIBRARIES = YES;
				CODE_SIGN_STYLE = Automatic;
				INFOPLIST_FILE = MVPUITests/Info.plist;
				LD_RUNPATH_SEARCH_PATHS = (
					"$(inherited)",
					"@executable_path/Frameworks",
					"@loader_path/Frameworks",
				);
				PRODUCT_BUNDLE_IDENTIFIER = MySoft.MVPUITests;
				PRODUCT_NAME = "$(TARGET_NAME)";
				SWIFT_VERSION = 5.0;
				TARGETED_DEVICE_FAMILY = "1,2";
				TEST_TARGET_NAME = MVP;
			};
			name = Debug;
		};
		96BABBCC26FCC9DF0061DB59 /* Release */ = {
			isa = XCBuildConfiguration;
			baseConfigurationReference = 571192D480C253D4844D59CA /* Pods-MVP-MVPUITests.release.xcconfig */;
			buildSettings = {
				ALWAYS_EMBED_SWIFT_STANDARD_LIBRARIES = YES;
				CODE_SIGN_STYLE = Automatic;
				INFOPLIST_FILE = MVPUITests/Info.plist;
				LD_RUNPATH_SEARCH_PATHS = (
					"$(inherited)",
					"@executable_path/Frameworks",
					"@loader_path/Frameworks",
				);
				PRODUCT_BUNDLE_IDENTIFIER = MySoft.MVPUITests;
				PRODUCT_NAME = "$(TARGET_NAME)";
				SWIFT_VERSION = 5.0;
				TARGETED_DEVICE_FAMILY = "1,2";
				TEST_TARGET_NAME = MVP;
			};
			name = Release;
		};
/* End XCBuildConfiguration section */

/* Begin XCConfigurationList section */
		96BABB9526FCC9DC0061DB59 /* Build configuration list for PBXProject "MVP" */ = {
			isa = XCConfigurationList;
			buildConfigurations = (
				96BABBC226FCC9DF0061DB59 /* Debug */,
				96BABBC326FCC9DF0061DB59 /* Release */,
			);
			defaultConfigurationIsVisible = 0;
			defaultConfigurationName = Release;
		};
		96BABBC426FCC9DF0061DB59 /* Build configuration list for PBXNativeTarget "MVP" */ = {
			isa = XCConfigurationList;
			buildConfigurations = (
				96BABBC526FCC9DF0061DB59 /* Debug */,
				96BABBC626FCC9DF0061DB59 /* Release */,
			);
			defaultConfigurationIsVisible = 0;
			defaultConfigurationName = Release;
		};
		96BABBC726FCC9DF0061DB59 /* Build configuration list for PBXNativeTarget "MVPTests" */ = {
			isa = XCConfigurationList;
			buildConfigurations = (
				96BABBC826FCC9DF0061DB59 /* Debug */,
				96BABBC926FCC9DF0061DB59 /* Release */,
			);
			defaultConfigurationIsVisible = 0;
			defaultConfigurationName = Release;
		};
		96BABBCA26FCC9DF0061DB59 /* Build configuration list for PBXNativeTarget "MVPUITests" */ = {
			isa = XCConfigurationList;
			buildConfigurations = (
				96BABBCB26FCC9DF0061DB59 /* Debug */,
				96BABBCC26FCC9DF0061DB59 /* Release */,
			);
			defaultConfigurationIsVisible = 0;
			defaultConfigurationName = Release;
		};
/* End XCConfigurationList section */
	};
	rootObject = 96BABB9226FCC9DC0061DB59 /* Project object */;
}
