// !$*UTF8*$!
{
	archiveVersion = 1;
	classes = {
	};
	objectVersion = 50;
	objects = {

/* Begin PBXBuildFile section */
		96BABB9E26FCC9DC0061DB59 /* AppDelegate.swift in Sources */ = {isa = PBXBuildFile; fileRef = 96BABB9D26FCC9DC0061DB59 /* AppDelegate.swift */; };
		96BABBA026FCC9DC0061DB59 /* SceneDelegate.swift in Sources */ = {isa = PBXBuildFile; fileRef = 96BABB9F26FCC9DC0061DB59 /* SceneDelegate.swift */; };
		96BABBA226FCC9DC0061DB59 /* ViewController.swift in Sources */ = {isa = PBXBuildFile; fileRef = 96BABBA126FCC9DC0061DB59 /* ViewController.swift */; };
		96BABBA526FCC9DC0061DB59 /* Main.storyboard in Resources */ = {isa = PBXBuildFile; fileRef = 96BABBA326FCC9DC0061DB59 /* Main.storyboard */; };
		96BABBA726FCC9DE0061DB59 /* Assets.xcassets in Resources */ = {isa = PBXBuildFile; fileRef = 96BABBA626FCC9DE0061DB59 /* Assets.xcassets */; };
		96BABBAA26FCC9DE0061DB59 /* LaunchScreen.storyboard in Resources */ = {isa = PBXBuildFile; fileRef = 96BABBA826FCC9DE0061DB59 /* LaunchScreen.storyboard */; };
		96BABBB526FCC9DF0061DB59 /* MVPTests.swift in Sources */ = {isa = PBXBuildFile; fileRef = 96BABBB426FCC9DF0061DB59 /* MVPTests.swift */; };
		96BABBC026FCC9DF0061DB59 /* MVPUITests.swift in Sources */ = {isa = PBXBuildFile; fileRef = 96BABBBF26FCC9DF0061DB59 /* MVPUITests.swift */; };
/* End PBXBuildFile section */

/* Begin PBXContainerItemProxy section */
		96BABBB126FCC9DF0061DB59 /* PBXContainerItemProxy */ = {
			isa = PBXContainerItemProxy;
			containerPortal = 96BABB9226FCC9DC0061DB59 /* Project object */;
			proxyType = 1;
			remoteGlobalIDString = 96BABB9926FCC9DC0061DB59;
			remoteInfo = MVP;
		};
		96BABBBC26FCC9DF0061DB59 /* PBXContainerItemProxy */ = {
			isa = PBXContainerItemProxy;
			containerPortal = 96BABB9226FCC9DC0061DB59 /* Project object */;
			proxyType = 1;
			remoteGlobalIDString = 96BABB9926FCC9DC0061DB59;
			remoteInfo = MVP;
		};
/* End PBXContainerItemProxy section */

/* Begin PBXFileReference section */
		96BABB9A26FCC9DC0061DB59 /* MVP.app */ = {isa = PBXFileReference; explicitFileType = wrapper.application; includeInIndex = 0; path = MVP.app; sourceTree = BUILT_PRODUCTS_DIR; };
		96BABB9D26FCC9DC0061DB59 /* AppDelegate.swift */ = {isa = PBXFileReference; lastKnownFileType = sourcecode.swift; path = AppDelegate.swift; sourceTree = "<group>"; };
		96BABB9F26FCC9DC0061DB59 /* SceneDelegate.swift */ = {isa = PBXFileReference; lastKnownFileType = sourcecode.swift; path = SceneDelegate.swift; sourceTree = "<group>"; };
		96BABBA126FCC9DC0061DB59 /* ViewController.swift */ = {isa = PBXFileReference; lastKnownFileType = sourcecode.swift; path = ViewController.swift; sourceTree = "<group>"; };
		96BABBA426FCC9DC0061DB59 /* Base */ = {isa = PBXFileReference; lastKnownFileType = file.storyboard; name = Base; path = Base.lproj/Main.storyboard; sourceTree = "<group>"; };
		96BABBA626FCC9DE0061DB59 /* Assets.xcassets */ = {isa = PBXFileReference; lastKnownFileType = folder.assetcatalog; path = Assets.xcassets; sourceTree = "<group>"; };
		96BABBA926FCC9DE0061DB59 /* Base */ = {isa = PBXFileReference; lastKnownFileType = file.storyboard; name = Base; path = Base.lproj/LaunchScreen.storyboard; sourceTree = "<group>"; };
		96BABBAB26FCC9DE0061DB59 /* Info.plist */ = {isa = PBXFileReference; lastKnownFileType = text.plist.xml; path = Info.plist; sourceTree = "<group>"; };
		96BABBB026FCC9DF0061DB59 /* MVPTests.xctest */ = {isa = PBXFileReference; explicitFileType = wrapper.cfbundle; includeInIndex = 0; path = MVPTests.xctest; sourceTree = BUILT_PRODUCTS_DIR; };
		96BABBB426FCC9DF0061DB59 /* MVPTests.swift */ = {isa = PBXFileReference; lastKnownFileType = sourcecode.swift; path = MVPTests.swift; sourceTree = "<group>"; };
		96BABBB626FCC9DF0061DB59 /* Info.plist */ = {isa = PBXFileReference; lastKnownFileType = text.plist.xml; path = Info.plist; sourceTree = "<group>"; };
		96BABBBB26FCC9DF0061DB59 /* MVPUITests.xctest */ = {isa = PBXFileReference; explicitFileType = wrapper.cfbundle; includeInIndex = 0; path = MVPUITests.xctest; sourceTree = BUILT_PRODUCTS_DIR; };
		96BABBBF26FCC9DF0061DB59 /* MVPUITests.swift */ = {isa = PBXFileReference; lastKnownFileType = sourcecode.swift; path = MVPUITests.swift; sourceTree = "<group>"; };
		96BABBC126FCC9DF0061DB59 /* Info.plist */ = {isa = PBXFileReference; lastKnownFileType = text.plist.xml; path = Info.plist; sourceTree = "<group>"; };
/* End PBXFileReference section */

/* Begin PBXFrameworksBuildPhase section */
		96BABB9726FCC9DC0061DB59 /* Frameworks */ = {
			isa = PBXFrameworksBuildPhase;
			buildActionMask = 2147483647;
			files = (
			);
			runOnlyForDeploymentPostprocessing = 0;
		};
		96BABBAD26FCC9DF0061DB59 /* Frameworks */ = {
			isa = PBXFrameworksBuildPhase;
			buildActionMask = 2147483647;
			files = (
			);
			runOnlyForDeploymentPostprocessing = 0;
		};
		96BABBB826FCC9DF0061DB59 /* Frameworks */ = {
			isa = PBXFrameworksBuildPhase;
			buildActionMask = 2147483647;
			files = (
			);
			runOnlyForDeploymentPostprocessing = 0;
		};
/* End PBXFrameworksBuildPhase section */

/* Begin PBXGroup section */
		96BABB9126FCC9DC0061DB59 = {
			isa = PBXGroup;
			children = (
				96BABB9C26FCC9DC0061DB59 /* MVP */,
				96BABBB326FCC9DF0061DB59 /* MVPTests */,
				96BABBBE26FCC9DF0061DB59 /* MVPUITests */,
				96BABB9B26FCC9DC0061DB59 /* Products */,
			);
			sourceTree = "<group>";
		};
		96BABB9B26FCC9DC0061DB59 /* Products */ = {
			isa = PBXGroup;
			children = (
				96BABB9A26FCC9DC0061DB59 /* MVP.app */,
				96BABBB026FCC9DF0061DB59 /* MVPTests.xctest */,
				96BABBBB26FCC9DF0061DB59 /* MVPUITests.xctest */,
			);
			name = Products;
			sourceTree = "<group>";
		};
		96BABB9C26FCC9DC0061DB59 /* MVP */ = {
			isa = PBXGroup;
			children = (
				96BABB9D26FCC9DC0061DB59 /* AppDelegate.swift */,
				96BABB9F26FCC9DC0061DB59 /* SceneDelegate.swift */,
				96BABBA126FCC9DC0061DB59 /* ViewController.swift */,
				96BABBA326FCC9DC0061DB59 /* Main.storyboard */,
				96BABBA626FCC9DE0061DB59 /* Assets.xcassets */,
				96BABBA826FCC9DE0061DB59 /* LaunchScreen.storyboard */,
				96BABBAB26FCC9DE0061DB59 /* Info.plist */,
			);
			path = MVP;
			sourceTree = "<group>";
		};
		96BABBB326FCC9DF0061DB59 /* MVPTests */ = {
			isa = PBXGroup;
			children = (
				96BABBB426FCC9DF0061DB59 /* MVPTests.swift */,
				96BABBB626FCC9DF0061DB59 /* Info.plist */,
			);
			path = MVPTests;
			sourceTree = "<group>";
		};
		96BABBBE26FCC9DF0061DB59 /* MVPUITests */ = {
			isa = PBXGroup;
			children = (
				96BABBBF26FCC9DF0061DB59 /* MVPUITests.swift */,
				96BABBC126FCC9DF0061DB59 /* Info.plist */,
			);
			path = MVPUITests;
			sourceTree = "<group>";
		};
/* End PBXGroup section */

/* Begin PBXNativeTarget section */
		96BABB9926FCC9DC0061DB59 /* MVP */ = {
			isa = PBXNativeTarget;
			buildConfigurationList = 96BABBC426FCC9DF0061DB59 /* Build configuration list for PBXNativeTarget "MVP" */;
			buildPhases = (
				96BABB9626FCC9DC0061DB59 /* Sources */,
				96BABB9726FCC9DC0061DB59 /* Frameworks */,
				96BABB9826FCC9DC0061DB59 /* Resources */,
			);
			buildRules = (
			);
			dependencies = (
			);
			name = MVP;
			productName = MVP;
			productReference = 96BABB9A26FCC9DC0061DB59 /* MVP.app */;
			productType = "com.apple.product-type.application";
		};
		96BABBAF26FCC9DF0061DB59 /* MVPTests */ = {
			isa = PBXNativeTarget;
			buildConfigurationList = 96BABBC726FCC9DF0061DB59 /* Build configuration list for PBXNativeTarget "MVPTests" */;
			buildPhases = (
				96BABBAC26FCC9DF0061DB59 /* Sources */,
				96BABBAD26FCC9DF0061DB59 /* Frameworks */,
				96BABBAE26FCC9DF0061DB59 /* Resources */,
			);
			buildRules = (
			);
			dependencies = (
				96BABBB226FCC9DF0061DB59 /* PBXTargetDependency */,
			);
			name = MVPTests;
			productName = MVPTests;
			productReference = 96BABBB026FCC9DF0061DB59 /* MVPTests.xctest */;
			productType = "com.apple.product-type.bundle.unit-test";
		};
		96BABBBA26FCC9DF0061DB59 /* MVPUITests */ = {
			isa = PBXNativeTarget;
			buildConfigurationList = 96BABBCA26FCC9DF0061DB59 /* Build configuration list for PBXNativeTarget "MVPUITests" */;
			buildPhases = (
				96BABBB726FCC9DF0061DB59 /* Sources */,
				96BABBB826FCC9DF0061DB59 /* Frameworks */,
				96BABBB926FCC9DF0061DB59 /* Resources */,
			);
			buildRules = (
			);
			dependencies = (
				96BABBBD26FCC9DF0061DB59 /* PBXTargetDependency */,
			);
			name = MVPUITests;
			productName = MVPUITests;
			productReference = 96BABBBB26FCC9DF0061DB59 /* MVPUITests.xctest */;
			productType = "com.apple.product-type.bundle.ui-testing";
		};
/* End PBXNativeTarget section */

/* Begin PBXProject section */
		96BABB9226FCC9DC0061DB59 /* Project object */ = {
			isa = PBXProject;
			attributes = {
				LastSwiftUpdateCheck = 1250;
				LastUpgradeCheck = 1250;
				TargetAttributes = {
					96BABB9926FCC9DC0061DB59 = {
						CreatedOnToolsVersion = 12.5.1;
					};
					96BABBAF26FCC9DF0061DB59 = {
						CreatedOnToolsVersion = 12.5.1;
						TestTargetID = 96BABB9926FCC9DC0061DB59;
					};
					96BABBBA26FCC9DF0061DB59 = {
						CreatedOnToolsVersion = 12.5.1;
						TestTargetID = 96BABB9926FCC9DC0061DB59;
					};
				};
			};
			buildConfigurationList = 96BABB9526FCC9DC0061DB59 /* Build configuration list for PBXProject "MVP" */;
			compatibilityVersion = "Xcode 9.3";
			developmentRegion = en;
			hasScannedForEncodings = 0;
			knownRegions = (
				en,
				Base,
			);
			mainGroup = 96BABB9126FCC9DC0061DB59;
			productRefGroup = 96BABB9B26FCC9DC0061DB59 /* Products */;
			projectDirPath = "";
			projectRoot = "";
			targets = (
				96BABB9926FCC9DC0061DB59 /* MVP */,
				96BABBAF26FCC9DF0061DB59 /* MVPTests */,
				96BABBBA26FCC9DF0061DB59 /* MVPUITests */,
			);
		};
/* End PBXProject section */

/* Begin PBXResourcesBuildPhase section */
		96BABB9826FCC9DC0061DB59 /* Resources */ = {
			isa = PBXResourcesBuildPhase;
			buildActionMask = 2147483647;
			files = (
				96BABBAA26FCC9DE0061DB59 /* LaunchScreen.storyboard in Resources */,
				96BABBA726FCC9DE0061DB59 /* Assets.xcassets in Resources */,
				96BABBA526FCC9DC0061DB59 /* Main.storyboard in Resources */,
			);
			runOnlyForDeploymentPostprocessing = 0;
		};
		96BABBAE26FCC9DF0061DB59 /* Resources */ = {
			isa = PBXResourcesBuildPhase;
			buildActionMask = 2147483647;
			files = (
			);
			runOnlyForDeploymentPostprocessing = 0;
		};
		96BABBB926FCC9DF0061DB59 /* Resources */ = {
			isa = PBXResourcesBuildPhase;
			buildActionMask = 2147483647;
			files = (
			);
			runOnlyForDeploymentPostprocessing = 0;
		};
/* End PBXResourcesBuildPhase section */

/* Begin PBXSourcesBuildPhase section */
		96BABB9626FCC9DC0061DB59 /* Sources */ = {
			isa = PBXSourcesBuildPhase;
			buildActionMask = 2147483647;
			files = (
				96BABBA226FCC9DC0061DB59 /* ViewController.swift in Sources */,
				96BABB9E26FCC9DC0061DB59 /* AppDelegate.swift in Sources */,
				96BABBA026FCC9DC0061DB59 /* SceneDelegate.swift in Sources */,
			);
			runOnlyForDeploymentPostprocessing = 0;
		};
		96BABBAC26FCC9DF0061DB59 /* Sources */ = {
			isa = PBXSourcesBuildPhase;
			buildActionMask = 2147483647;
			files = (
				96BABBB526FCC9DF0061DB59 /* MVPTests.swift in Sources */,
			);
			runOnlyForDeploymentPostprocessing = 0;
		};
		96BABBB726FCC9DF0061DB59 /* Sources */ = {
			isa = PBXSourcesBuildPhase;
			buildActionMask = 2147483647;
			files = (
				96BABBC026FCC9DF0061DB59 /* MVPUITests.swift in Sources */,
			);
			runOnlyForDeploymentPostprocessing = 0;
		};
/* End PBXSourcesBuildPhase section */

/* Begin PBXTargetDependency section */
		96BABBB226FCC9DF0061DB59 /* PBXTargetDependency */ = {
			isa = PBXTargetDependency;
			target = 96BABB9926FCC9DC0061DB59 /* MVP */;
			targetProxy = 96BABBB126FCC9DF0061DB59 /* PBXContainerItemProxy */;
		};
		96BABBBD26FCC9DF0061DB59 /* PBXTargetDependency */ = {
			isa = PBXTargetDependency;
			target = 96BABB9926FCC9DC0061DB59 /* MVP */;
			targetProxy = 96BABBBC26FCC9DF0061DB59 /* PBXContainerItemProxy */;
		};
/* End PBXTargetDependency section */

/* Begin PBXVariantGroup section */
		96BABBA326FCC9DC0061DB59 /* Main.storyboard */ = {
			isa = PBXVariantGroup;
			children = (
				96BABBA426FCC9DC0061DB59 /* Base */,
			);
			name = Main.storyboard;
			sourceTree = "<group>";
		};
		96BABBA826FCC9DE0061DB59 /* LaunchScreen.storyboard */ = {
			isa = PBXVariantGroup;
			children = (
				96BABBA926FCC9DE0061DB59 /* Base */,
			);
			name = LaunchScreen.storyboard;
			sourceTree = "<group>";
		};
/* End PBXVariantGroup section */

/* Begin XCBuildConfiguration section */
		96BABBC226FCC9DF0061DB59 /* Debug */ = {
			isa = XCBuildConfiguration;
			buildSettings = {
				ALWAYS_SEARCH_USER_PATHS = NO;
				CLANG_ANALYZER_NONNULL = YES;
				CLANG_ANALYZER_NUMBER_OBJECT_CONVERSION = YES_AGGRESSIVE;
				CLANG_CXX_LANGUAGE_STANDARD = "gnu++14";
				CLANG_CXX_LIBRARY = "libc++";
				CLANG_ENABLE_MODULES = YES;
				CLANG_ENABLE_OBJC_ARC = YES;
				CLANG_ENABLE_OBJC_WEAK = YES;
				CLANG_WARN_BLOCK_CAPTURE_AUTORELEASING = YES;
				CLANG_WARN_BOOL_CONVERSION = YES;
				CLANG_WARN_COMMA = YES;
				CLANG_WARN_CONSTANT_CONVERSION = YES;
				CLANG_WARN_DEPRECATED_OBJC_IMPLEMENTATIONS = YES;
				CLANG_WARN_DIRECT_OBJC_ISA_USAGE = YES_ERROR;
				CLANG_WARN_DOCUMENTATION_COMMENTS = YES;
				CLANG_WARN_EMPTY_BODY = YES;
				CLANG_WARN_ENUM_CONVERSION = YES;
				CLANG_WARN_INFINITE_RECURSION = YES;
				CLANG_WARN_INT_CONVERSION = YES;
				CLANG_WARN_NON_LITERAL_NULL_CONVERSION = YES;
				CLANG_WARN_OBJC_IMPLICIT_RETAIN_SELF = YES;
				CLANG_WARN_OBJC_LITERAL_CONVERSION = YES;
				CLANG_WARN_OBJC_ROOT_CLASS = YES_ERROR;
				CLANG_WARN_QUOTED_INCLUDE_IN_FRAMEWORK_HEADER = YES;
				CLANG_WARN_RANGE_LOOP_ANALYSIS = YES;
				CLANG_WARN_STRICT_PROTOTYPES = YES;
				CLANG_WARN_SUSPICIOUS_MOVE = YES;
				CLANG_WARN_UNGUARDED_AVAILABILITY = YES_AGGRESSIVE;
				CLANG_WARN_UNREACHABLE_CODE = YES;
				CLANG_WARN__DUPLICATE_METHOD_MATCH = YES;
				COPY_PHASE_STRIP = NO;
				DEBUG_INFORMATION_FORMAT = dwarf;
				ENABLE_STRICT_OBJC_MSGSEND = YES;
				ENABLE_TESTABILITY = YES;
				GCC_C_LANGUAGE_STANDARD = gnu11;
				GCC_DYNAMIC_NO_PIC = NO;
				GCC_NO_COMMON_BLOCKS = YES;
				GCC_OPTIMIZATION_LEVEL = 0;
				GCC_PREPROCESSOR_DEFINITIONS = (
					"DEBUG=1",
					"$(inherited)",
				);
				GCC_WARN_64_TO_32_BIT_CONVERSION = YES;
				GCC_WARN_ABOUT_RETURN_TYPE = YES_ERROR;
				GCC_WARN_UNDECLARED_SELECTOR = YES;
				GCC_WARN_UNINITIALIZED_AUTOS = YES_AGGRESSIVE;
				GCC_WARN_UNUSED_FUNCTION = YES;
				GCC_WARN_UNUSED_VARIABLE = YES;
				IPHONEOS_DEPLOYMENT_TARGET = 14.5;
				MTL_ENABLE_DEBUG_INFO = INCLUDE_SOURCE;
				MTL_FAST_MATH = YES;
				ONLY_ACTIVE_ARCH = YES;
				SDKROOT = iphoneos;
				SWIFT_ACTIVE_COMPILATION_CONDITIONS = DEBUG;
				SWIFT_OPTIMIZATION_LEVEL = "-Onone";
			};
			name = Debug;
		};
		96BABBC326FCC9DF0061DB59 /* Release */ = {
			isa = XCBuildConfiguration;
			buildSettings = {
				ALWAYS_SEARCH_USER_PATHS = NO;
				CLANG_ANALYZER_NONNULL = YES;
				CLANG_ANALYZER_NUMBER_OBJECT_CONVERSION = YES_AGGRESSIVE;
				CLANG_CXX_LANGUAGE_STANDARD = "gnu++14";
				CLANG_CXX_LIBRARY = "libc++";
				CLANG_ENABLE_MODULES = YES;
				CLANG_ENABLE_OBJC_ARC = YES;
				CLANG_ENABLE_OBJC_WEAK = YES;
				CLANG_WARN_BLOCK_CAPTURE_AUTORELEASING = YES;
				CLANG_WARN_BOOL_CONVERSION = YES;
				CLANG_WARN_COMMA = YES;
				CLANG_WARN_CONSTANT_CONVERSION = YES;
				CLANG_WARN_DEPRECATED_OBJC_IMPLEMENTATIONS = YES;
				CLANG_WARN_DIRECT_OBJC_ISA_USAGE = YES_ERROR;
				CLANG_WARN_DOCUMENTATION_COMMENTS = YES;
				CLANG_WARN_EMPTY_BODY = YES;
				CLANG_WARN_ENUM_CONVERSION = YES;
				CLANG_WARN_INFINITE_RECURSION = YES;
				CLANG_WARN_INT_CONVERSION = YES;
				CLANG_WARN_NON_LITERAL_NULL_CONVERSION = YES;
				CLANG_WARN_OBJC_IMPLICIT_RETAIN_SELF = YES;
				CLANG_WARN_OBJC_LITERAL_CONVERSION = YES;
				CLANG_WARN_OBJC_ROOT_CLASS = YES_ERROR;
				CLANG_WARN_QUOTED_INCLUDE_IN_FRAMEWORK_HEADER = YES;
				CLANG_WARN_RANGE_LOOP_ANALYSIS = YES;
				CLANG_WARN_STRICT_PROTOTYPES = YES;
				CLANG_WARN_SUSPICIOUS_MOVE = YES;
				CLANG_WARN_UNGUARDED_AVAILABILITY = YES_AGGRESSIVE;
				CLANG_WARN_UNREACHABLE_CODE = YES;
				CLANG_WARN__DUPLICATE_METHOD_MATCH = YES;
				COPY_PHASE_STRIP = NO;
				DEBUG_INFORMATION_FORMAT = "dwarf-with-dsym";
				ENABLE_NS_ASSERTIONS = NO;
				ENABLE_STRICT_OBJC_MSGSEND = YES;
				GCC_C_LANGUAGE_STANDARD = gnu11;
				GCC_NO_COMMON_BLOCKS = YES;
				GCC_WARN_64_TO_32_BIT_CONVERSION = YES;
				GCC_WARN_ABOUT_RETURN_TYPE = YES_ERROR;
				GCC_WARN_UNDECLARED_SELECTOR = YES;
				GCC_WARN_UNINITIALIZED_AUTOS = YES_AGGRESSIVE;
				GCC_WARN_UNUSED_FUNCTION = YES;
				GCC_WARN_UNUSED_VARIABLE = YES;
				IPHONEOS_DEPLOYMENT_TARGET = 14.5;
				MTL_ENABLE_DEBUG_INFO = NO;
				MTL_FAST_MATH = YES;
				SDKROOT = iphoneos;
				SWIFT_COMPILATION_MODE = wholemodule;
				SWIFT_OPTIMIZATION_LEVEL = "-O";
				VALIDATE_PRODUCT = YES;
			};
			name = Release;
		};
		96BABBC526FCC9DF0061DB59 /* Debug */ = {
			isa = XCBuildConfiguration;
			buildSettings = {
				ASSETCATALOG_COMPILER_APPICON_NAME = AppIcon;
				ASSETCATALOG_COMPILER_GLOBAL_ACCENT_COLOR_NAME = AccentColor;
				CODE_SIGN_STYLE = Automatic;
				INFOPLIST_FILE = MVP/Info.plist;
				LD_RUNPATH_SEARCH_PATHS = (
					"$(inherited)",
					"@executable_path/Frameworks",
				);
				PRODUCT_BUNDLE_IDENTIFIER = MySoft.MVP;
				PRODUCT_NAME = "$(TARGET_NAME)";
				SWIFT_VERSION = 5.0;
				TARGETED_DEVICE_FAMILY = "1,2";
			};
			name = Debug;
		};
		96BABBC626FCC9DF0061DB59 /* Release */ = {
			isa = XCBuildConfiguration;
			buildSettings = {
				ASSETCATALOG_COMPILER_APPICON_NAME = AppIcon;
				ASSETCATALOG_COMPILER_GLOBAL_ACCENT_COLOR_NAME = AccentColor;
				CODE_SIGN_STYLE = Automatic;
				INFOPLIST_FILE = MVP/Info.plist;
				LD_RUNPATH_SEARCH_PATHS = (
					"$(inherited)",
					"@executable_path/Frameworks",
				);
				PRODUCT_BUNDLE_IDENTIFIER = MySoft.MVP;
				PRODUCT_NAME = "$(TARGET_NAME)";
				SWIFT_VERSION = 5.0;
				TARGETED_DEVICE_FAMILY = "1,2";
			};
			name = Release;
		};
		96BABBC826FCC9DF0061DB59 /* Debug */ = {
			isa = XCBuildConfiguration;
			buildSettings = {
				ALWAYS_EMBED_SWIFT_STANDARD_LIBRARIES = YES;
				BUNDLE_LOADER = "$(TEST_HOST)";
				CODE_SIGN_STYLE = Automatic;
				INFOPLIST_FILE = MVPTests/Info.plist;
				IPHONEOS_DEPLOYMENT_TARGET = 14.5;
				LD_RUNPATH_SEARCH_PATHS = (
					"$(inherited)",
					"@executable_path/Frameworks",
					"@loader_path/Frameworks",
				);
				PRODUCT_BUNDLE_IDENTIFIER = MySoft.MVPTests;
				PRODUCT_NAME = "$(TARGET_NAME)";
				SWIFT_VERSION = 5.0;
				TARGETED_DEVICE_FAMILY = "1,2";
				TEST_HOST = "$(BUILT_PRODUCTS_DIR)/MVP.app/MVP";
			};
			name = Debug;
		};
		96BABBC926FCC9DF0061DB59 /* Release */ = {
			isa = XCBuildConfiguration;
			buildSettings = {
				ALWAYS_EMBED_SWIFT_STANDARD_LIBRARIES = YES;
				BUNDLE_LOADER = "$(TEST_HOST)";
				CODE_SIGN_STYLE = Automatic;
				INFOPLIST_FILE = MVPTests/Info.plist;
				IPHONEOS_DEPLOYMENT_TARGET = 14.5;
				LD_RUNPATH_SEARCH_PATHS = (
					"$(inherited)",
					"@executable_path/Frameworks",
					"@loader_path/Frameworks",
				);
				PRODUCT_BUNDLE_IDENTIFIER = MySoft.MVPTests;
				PRODUCT_NAME = "$(TARGET_NAME)";
				SWIFT_VERSION = 5.0;
				TARGETED_DEVICE_FAMILY = "1,2";
				TEST_HOST = "$(BUILT_PRODUCTS_DIR)/MVP.app/MVP";
			};
			name = Release;
		};
		96BABBCB26FCC9DF0061DB59 /* Debug */ = {
			isa = XCBuildConfiguration;
			buildSettings = {
				ALWAYS_EMBED_SWIFT_STANDARD_LIBRARIES = YES;
				CODE_SIGN_STYLE = Automatic;
				INFOPLIST_FILE = MVPUITests/Info.plist;
				LD_RUNPATH_SEARCH_PATHS = (
					"$(inherited)",
					"@executable_path/Frameworks",
					"@loader_path/Frameworks",
				);
				PRODUCT_BUNDLE_IDENTIFIER = MySoft.MVPUITests;
				PRODUCT_NAME = "$(TARGET_NAME)";
				SWIFT_VERSION = 5.0;
				TARGETED_DEVICE_FAMILY = "1,2";
				TEST_TARGET_NAME = MVP;
			};
			name = Debug;
		};
		96BABBCC26FCC9DF0061DB59 /* Release */ = {
			isa = XCBuildConfiguration;
			buildSettings = {
				ALWAYS_EMBED_SWIFT_STANDARD_LIBRARIES = YES;
				CODE_SIGN_STYLE = Automatic;
				INFOPLIST_FILE = MVPUITests/Info.plist;
				LD_RUNPATH_SEARCH_PATHS = (
					"$(inherited)",
					"@executable_path/Frameworks",
					"@loader_path/Frameworks",
				);
				PRODUCT_BUNDLE_IDENTIFIER = MySoft.MVPUITests;
				PRODUCT_NAME = "$(TARGET_NAME)";
				SWIFT_VERSION = 5.0;
				TARGETED_DEVICE_FAMILY = "1,2";
				TEST_TARGET_NAME = MVP;
			};
			name = Release;
		};
/* End XCBuildConfiguration section */

/* Begin XCConfigurationList section */
		96BABB9526FCC9DC0061DB59 /* Build configuration list for PBXProject "MVP" */ = {
			isa = XCConfigurationList;
			buildConfigurations = (
				96BABBC226FCC9DF0061DB59 /* Debug */,
				96BABBC326FCC9DF0061DB59 /* Release */,
			);
			defaultConfigurationIsVisible = 0;
			defaultConfigurationName = Release;
		};
		96BABBC426FCC9DF0061DB59 /* Build configuration list for PBXNativeTarget "MVP" */ = {
			isa = XCConfigurationList;
			buildConfigurations = (
				96BABBC526FCC9DF0061DB59 /* Debug */,
				96BABBC626FCC9DF0061DB59 /* Release */,
			);
			defaultConfigurationIsVisible = 0;
			defaultConfigurationName = Release;
		};
		96BABBC726FCC9DF0061DB59 /* Build configuration list for PBXNativeTarget "MVPTests" */ = {
			isa = XCConfigurationList;
			buildConfigurations = (
				96BABBC826FCC9DF0061DB59 /* Debug */,
				96BABBC926FCC9DF0061DB59 /* Release */,
			);
			defaultConfigurationIsVisible = 0;
			defaultConfigurationName = Release;
		};
		96BABBCA26FCC9DF0061DB59 /* Build configuration list for PBXNativeTarget "MVPUITests" */ = {
			isa = XCConfigurationList;
			buildConfigurations = (
				96BABBCB26FCC9DF0061DB59 /* Debug */,
				96BABBCC26FCC9DF0061DB59 /* Release */,
			);
			defaultConfigurationIsVisible = 0;
			defaultConfigurationName = Release;
		};
/* End XCConfigurationList section */
	};
	rootObject = 96BABB9226FCC9DC0061DB59 /* Project object */;
}
